// !$*UTF8*$!
{
	archiveVersion = 1;
	classes = {
	};
	objectVersion = 56;
	objects = {

/* Begin PBXBuildFile section */
		33748BB12BCE14D100796DC6 /* SegmentedControlApp.swift in Sources */ = {isa = PBXBuildFile; fileRef = 33748BB02BCE14D100796DC6 /* SegmentedControlApp.swift */; };
		33748BB52BCE14D300796DC6 /* Assets.xcassets in Resources */ = {isa = PBXBuildFile; fileRef = 33748BB42BCE14D300796DC6 /* Assets.xcassets */; };
		33748BB82BCE14D300796DC6 /* Preview Assets.xcassets in Resources */ = {isa = PBXBuildFile; fileRef = 33748BB72BCE14D300796DC6 /* Preview Assets.xcassets */; };
		33748BC22BCE151200796DC6 /* SegmentedControlView.swift in Sources */ = {isa = PBXBuildFile; fileRef = 33748BC12BCE151200796DC6 /* SegmentedControlView.swift */; };
		33748BC42BCE154400796DC6 /* SegmentedControlItem.swift in Sources */ = {isa = PBXBuildFile; fileRef = 33748BC32BCE154400796DC6 /* SegmentedControlItem.swift */; };
		33748BC62BCE155800796DC6 /* SegmentedControlConstants.swift in Sources */ = {isa = PBXBuildFile; fileRef = 33748BC52BCE155800796DC6 /* SegmentedControlConstants.swift */; };
		33748BC92BCE159000796DC6 /* MainView.swift in Sources */ = {isa = PBXBuildFile; fileRef = 33748BC82BCE159000796DC6 /* MainView.swift */; };
		33748BCB2BCE160400796DC6 /* SegmentedControlData.swift in Sources */ = {isa = PBXBuildFile; fileRef = 33748BCA2BCE160400796DC6 /* SegmentedControlData.swift */; };
/* End PBXBuildFile section */

/* Begin PBXFileReference section */
		33748BAD2BCE14D100796DC6 /* SegmentedControl.app */ = {isa = PBXFileReference; explicitFileType = wrapper.application; includeInIndex = 0; path = SegmentedControl.app; sourceTree = BUILT_PRODUCTS_DIR; };
		33748BB02BCE14D100796DC6 /* SegmentedControlApp.swift */ = {isa = PBXFileReference; lastKnownFileType = sourcecode.swift; path = SegmentedControlApp.swift; sourceTree = "<group>"; };
		33748BB42BCE14D300796DC6 /* Assets.xcassets */ = {isa = PBXFileReference; lastKnownFileType = folder.assetcatalog; path = Assets.xcassets; sourceTree = "<group>"; };
		33748BB72BCE14D300796DC6 /* Preview Assets.xcassets */ = {isa = PBXFileReference; lastKnownFileType = folder.assetcatalog; path = "Preview Assets.xcassets"; sourceTree = "<group>"; };
		33748BC12BCE151200796DC6 /* SegmentedControlView.swift */ = {isa = PBXFileReference; lastKnownFileType = sourcecode.swift; path = SegmentedControlView.swift; sourceTree = "<group>"; };
		33748BC32BCE154400796DC6 /* SegmentedControlItem.swift */ = {isa = PBXFileReference; lastKnownFileType = sourcecode.swift; path = SegmentedControlItem.swift; sourceTree = "<group>"; };
		33748BC52BCE155800796DC6 /* SegmentedControlConstants.swift */ = {isa = PBXFileReference; lastKnownFileType = sourcecode.swift; path = SegmentedControlConstants.swift; sourceTree = "<group>"; };
		33748BC82BCE159000796DC6 /* MainView.swift */ = {isa = PBXFileReference; lastKnownFileType = sourcecode.swift; path = MainView.swift; sourceTree = "<group>"; };
		33748BCA2BCE160400796DC6 /* SegmentedControlData.swift */ = {isa = PBXFileReference; lastKnownFileType = sourcecode.swift; path = SegmentedControlData.swift; sourceTree = "<group>"; };
/* End PBXFileReference section */

/* Begin PBXFrameworksBuildPhase section */
		33748BAA2BCE14D100796DC6 /* Frameworks */ = {
			isa = PBXFrameworksBuildPhase;
			buildActionMask = 2147483647;
			files = (
			);
			runOnlyForDeploymentPostprocessing = 0;
		};
/* End PBXFrameworksBuildPhase section */

/* Begin PBXGroup section */
		33748BA42BCE14D100796DC6 = {
			isa = PBXGroup;
			children = (
				33748BAF2BCE14D100796DC6 /* SegmentedControl */,
				33748BAE2BCE14D100796DC6 /* Products */,
			);
			sourceTree = "<group>";
		};
		33748BAE2BCE14D100796DC6 /* Products */ = {
			isa = PBXGroup;
			children = (
				33748BAD2BCE14D100796DC6 /* SegmentedControl.app */,
			);
			name = Products;
			sourceTree = "<group>";
		};
		33748BAF2BCE14D100796DC6 /* SegmentedControl */ = {
			isa = PBXGroup;
			children = (
				33748BBE2BCE14E100796DC6 /* Helper */,
				33748BC72BCE158200796DC6 /* Views */,
				33748BB02BCE14D100796DC6 /* SegmentedControlApp.swift */,
				33748BB42BCE14D300796DC6 /* Assets.xcassets */,
				33748BB62BCE14D300796DC6 /* Preview Content */,
			);
			path = SegmentedControl;
			sourceTree = "<group>";
		};
		33748BB62BCE14D300796DC6 /* Preview Content */ = {
			isa = PBXGroup;
			children = (
				33748BB72BCE14D300796DC6 /* Preview Assets.xcassets */,
			);
			path = "Preview Content";
			sourceTree = "<group>";
		};
		33748BBE2BCE14E100796DC6 /* Helper */ = {
			isa = PBXGroup;
			children = (
				33748BBF2BCE14E900796DC6 /* Components */,
			);
			path = Helper;
			sourceTree = "<group>";
		};
		33748BBF2BCE14E900796DC6 /* Components */ = {
			isa = PBXGroup;
			children = (
				33748BC02BCE14F800796DC6 /* SegmentedControl */,
			);
			path = Components;
			sourceTree = "<group>";
		};
		33748BC02BCE14F800796DC6 /* SegmentedControl */ = {
			isa = PBXGroup;
			children = (
				33748BC12BCE151200796DC6 /* SegmentedControlView.swift */,
				33748BC32BCE154400796DC6 /* SegmentedControlItem.swift */,
				33748BC52BCE155800796DC6 /* SegmentedControlConstants.swift */,
			);
			path = SegmentedControl;
			sourceTree = "<group>";
		};
		33748BC72BCE158200796DC6 /* Views */ = {
			isa = PBXGroup;
			children = (
				33748BC82BCE159000796DC6 /* MainView.swift */,
				33748BCA2BCE160400796DC6 /* SegmentedControlData.swift */,
			);
			path = Views;
			sourceTree = "<group>";
		};
/* End PBXGroup section */

/* Begin PBXNativeTarget section */
		33748BAC2BCE14D100796DC6 /* SegmentedControl */ = {
			isa = PBXNativeTarget;
			buildConfigurationList = 33748BBB2BCE14D300796DC6 /* Build configuration list for PBXNativeTarget "SegmentedControl" */;
			buildPhases = (
				33748BA92BCE14D100796DC6 /* Sources */,
				33748BAA2BCE14D100796DC6 /* Frameworks */,
				33748BAB2BCE14D100796DC6 /* Resources */,
			);
			buildRules = (
			);
			dependencies = (
			);
			name = SegmentedControl;
			productName = SegmentedControl;
			productReference = 33748BAD2BCE14D100796DC6 /* SegmentedControl.app */;
			productType = "com.apple.product-type.application";
		};
/* End PBXNativeTarget section */

/* Begin PBXProject section */
		33748BA52BCE14D100796DC6 /* Project object */ = {
			isa = PBXProject;
			attributes = {
				BuildIndependentTargetsInParallel = 1;
				LastSwiftUpdateCheck = 1500;
				LastUpgradeCheck = 1500;
				TargetAttributes = {
					33748BAC2BCE14D100796DC6 = {
						CreatedOnToolsVersion = 15.0;
					};
				};
			};
			buildConfigurationList = 33748BA82BCE14D100796DC6 /* Build configuration list for PBXProject "SegmentedControl" */;
			compatibilityVersion = "Xcode 14.0";
			developmentRegion = en;
			hasScannedForEncodings = 0;
			knownRegions = (
				en,
				Base,
			);
			mainGroup = 33748BA42BCE14D100796DC6;
			productRefGroup = 33748BAE2BCE14D100796DC6 /* Products */;
			projectDirPath = "";
			projectRoot = "";
			targets = (
				33748BAC2BCE14D100796DC6 /* SegmentedControl */,
			);
		};
/* End PBXProject section */

/* Begin PBXResourcesBuildPhase section */
		33748BAB2BCE14D100796DC6 /* Resources */ = {
			isa = PBXResourcesBuildPhase;
			buildActionMask = 2147483647;
			files = (
				33748BB82BCE14D300796DC6 /* Preview Assets.xcassets in Resources */,
				33748BB52BCE14D300796DC6 /* Assets.xcassets in Resources */,
			);
			runOnlyForDeploymentPostprocessing = 0;
		};
/* End PBXResourcesBuildPhase section */

/* Begin PBXSourcesBuildPhase section */
		33748BA92BCE14D100796DC6 /* Sources */ = {
			isa = PBXSourcesBuildPhase;
			buildActionMask = 2147483647;
			files = (
				33748BC62BCE155800796DC6 /* SegmentedControlConstants.swift in Sources */,
				33748BC92BCE159000796DC6 /* MainView.swift in Sources */,
				33748BCB2BCE160400796DC6 /* SegmentedControlData.swift in Sources */,
				33748BC42BCE154400796DC6 /* SegmentedControlItem.swift in Sources */,
				33748BC22BCE151200796DC6 /* SegmentedControlView.swift in Sources */,
				33748BB12BCE14D100796DC6 /* SegmentedControlApp.swift in Sources */,
			);
			runOnlyForDeploymentPostprocessing = 0;
		};
/* End PBXSourcesBuildPhase section */

/* Begin XCBuildConfiguration section */
		33748BB92BCE14D300796DC6 /* Debug */ = {
			isa = XCBuildConfiguration;
			buildSettings = {
				ALWAYS_SEARCH_USER_PATHS = NO;
				ASSETCATALOG_COMPILER_GENERATE_SWIFT_ASSET_SYMBOL_EXTENSIONS = YES;
				CLANG_ANALYZER_NONNULL = YES;
				CLANG_ANALYZER_NUMBER_OBJECT_CONVERSION = YES_AGGRESSIVE;
				CLANG_CXX_LANGUAGE_STANDARD = "gnu++20";
				CLANG_ENABLE_MODULES = YES;
				CLANG_ENABLE_OBJC_ARC = YES;
				CLANG_ENABLE_OBJC_WEAK = YES;
				CLANG_WARN_BLOCK_CAPTURE_AUTORELEASING = YES;
				CLANG_WARN_BOOL_CONVERSION = YES;
				CLANG_WARN_COMMA = YES;
				CLANG_WARN_CONSTANT_CONVERSION = YES;
				CLANG_WARN_DEPRECATED_OBJC_IMPLEMENTATIONS = YES;
				CLANG_WARN_DIRECT_OBJC_ISA_USAGE = YES_ERROR;
				CLANG_WARN_DOCUMENTATION_COMMENTS = YES;
				CLANG_WARN_EMPTY_BODY = YES;
				CLANG_WARN_ENUM_CONVERSION = YES;
				CLANG_WARN_INFINITE_RECURSION = YES;
				CLANG_WARN_INT_CONVERSION = YES;
				CLANG_WARN_NON_LITERAL_NULL_CONVERSION = YES;
				CLANG_WARN_OBJC_IMPLICIT_RETAIN_SELF = YES;
				CLANG_WARN_OBJC_LITERAL_CONVERSION = YES;
				CLANG_WARN_OBJC_ROOT_CLASS = YES_ERROR;
				CLANG_WARN_QUOTED_INCLUDE_IN_FRAMEWORK_HEADER = YES;
				CLANG_WARN_RANGE_LOOP_ANALYSIS = YES;
				CLANG_WARN_STRICT_PROTOTYPES = YES;
				CLANG_WARN_SUSPICIOUS_MOVE = YES;
				CLANG_WARN_UNGUARDED_AVAILABILITY = YES_AGGRESSIVE;
				CLANG_WARN_UNREACHABLE_CODE = YES;
				CLANG_WARN__DUPLICATE_METHOD_MATCH = YES;
				COPY_PHASE_STRIP = NO;
				DEBUG_INFORMATION_FORMAT = dwarf;
				ENABLE_STRICT_OBJC_MSGSEND = YES;
				ENABLE_TESTABILITY = YES;
				ENABLE_USER_SCRIPT_SANDBOXING = YES;
				GCC_C_LANGUAGE_STANDARD = gnu17;
				GCC_DYNAMIC_NO_PIC = NO;
				GCC_NO_COMMON_BLOCKS = YES;
				GCC_OPTIMIZATION_LEVEL = 0;
				GCC_PREPROCESSOR_DEFINITIONS = (
					"DEBUG=1",
					"$(inherited)",
				);
				GCC_WARN_64_TO_32_BIT_CONVERSION = YES;
				GCC_WARN_ABOUT_RETURN_TYPE = YES_ERROR;
				GCC_WARN_UNDECLARED_SELECTOR = YES;
				GCC_WARN_UNINITIALIZED_AUTOS = YES_AGGRESSIVE;
				GCC_WARN_UNUSED_FUNCTION = YES;
				GCC_WARN_UNUSED_VARIABLE = YES;
				IPHONEOS_DEPLOYMENT_TARGET = 17.0;
				LOCALIZATION_PREFERS_STRING_CATALOGS = YES;
				MTL_ENABLE_DEBUG_INFO = INCLUDE_SOURCE;
				MTL_FAST_MATH = YES;
				ONLY_ACTIVE_ARCH = YES;
				SDKROOT = iphoneos;
				SWIFT_ACTIVE_COMPILATION_CONDITIONS = "DEBUG $(inherited)";
				SWIFT_OPTIMIZATION_LEVEL = "-Onone";
			};
			name = Debug;
		};
		33748BBA2BCE14D300796DC6 /* Release */ = {
			isa = XCBuildConfiguration;
			buildSettings = {
				ALWAYS_SEARCH_USER_PATHS = NO;
				ASSETCATALOG_COMPILER_GENERATE_SWIFT_ASSET_SYMBOL_EXTENSIONS = YES;
				CLANG_ANALYZER_NONNULL = YES;
				CLANG_ANALYZER_NUMBER_OBJECT_CONVERSION = YES_AGGRESSIVE;
				CLANG_CXX_LANGUAGE_STANDARD = "gnu++20";
				CLANG_ENABLE_MODULES = YES;
				CLANG_ENABLE_OBJC_ARC = YES;
				CLANG_ENABLE_OBJC_WEAK = YES;
				CLANG_WARN_BLOCK_CAPTURE_AUTORELEASING = YES;
				CLANG_WARN_BOOL_CONVERSION = YES;
				CLANG_WARN_COMMA = YES;
				CLANG_WARN_CONSTANT_CONVERSION = YES;
				CLANG_WARN_DEPRECATED_OBJC_IMPLEMENTATIONS = YES;
				CLANG_WARN_DIRECT_OBJC_ISA_USAGE = YES_ERROR;
				CLANG_WARN_DOCUMENTATION_COMMENTS = YES;
				CLANG_WARN_EMPTY_BODY = YES;
				CLANG_WARN_ENUM_CONVERSION = YES;
				CLANG_WARN_INFINITE_RECURSION = YES;
				CLANG_WARN_INT_CONVERSION = YES;
				CLANG_WARN_NON_LITERAL_NULL_CONVERSION = YES;
				CLANG_WARN_OBJC_IMPLICIT_RETAIN_SELF = YES;
				CLANG_WARN_OBJC_LITERAL_CONVERSION = YES;
				CLANG_WARN_OBJC_ROOT_CLASS = YES_ERROR;
				CLANG_WARN_QUOTED_INCLUDE_IN_FRAMEWORK_HEADER = YES;
				CLANG_WARN_RANGE_LOOP_ANALYSIS = YES;
				CLANG_WARN_STRICT_PROTOTYPES = YES;
				CLANG_WARN_SUSPICIOUS_MOVE = YES;
				CLANG_WARN_UNGUARDED_AVAILABILITY = YES_AGGRESSIVE;
				CLANG_WARN_UNREACHABLE_CODE = YES;
				CLANG_WARN__DUPLICATE_METHOD_MATCH = YES;
				COPY_PHASE_STRIP = NO;
				DEBUG_INFORMATION_FORMAT = "dwarf-with-dsym";
				ENABLE_NS_ASSERTIONS = NO;
				ENABLE_STRICT_OBJC_MSGSEND = YES;
				ENABLE_USER_SCRIPT_SANDBOXING = YES;
				GCC_C_LANGUAGE_STANDARD = gnu17;
				GCC_NO_COMMON_BLOCKS = YES;
				GCC_WARN_64_TO_32_BIT_CONVERSION = YES;
				GCC_WARN_ABOUT_RETURN_TYPE = YES_ERROR;
				GCC_WARN_UNDECLARED_SELECTOR = YES;
				GCC_WARN_UNINITIALIZED_AUTOS = YES_AGGRESSIVE;
				GCC_WARN_UNUSED_FUNCTION = YES;
				GCC_WARN_UNUSED_VARIABLE = YES;
				IPHONEOS_DEPLOYMENT_TARGET = 17.0;
				LOCALIZATION_PREFERS_STRING_CATALOGS = YES;
				MTL_ENABLE_DEBUG_INFO = NO;
				MTL_FAST_MATH = YES;
				SDKROOT = iphoneos;
				SWIFT_COMPILATION_MODE = wholemodule;
				VALIDATE_PRODUCT = YES;
			};
			name = Release;
		};
		33748BBC2BCE14D300796DC6 /* Debug */ = {
			isa = XCBuildConfiguration;
			buildSettings = {
				ASSETCATALOG_COMPILER_APPICON_NAME = AppIcon;
				ASSETCATALOG_COMPILER_GLOBAL_ACCENT_COLOR_NAME = AccentColor;
				CODE_SIGN_STYLE = Automatic;
				CURRENT_PROJECT_VERSION = 1;
				DEVELOPMENT_ASSET_PATHS = "\"SegmentedControl/Preview Content\"";
				ENABLE_PREVIEWS = YES;
				GENERATE_INFOPLIST_FILE = YES;
				INFOPLIST_KEY_UIApplicationSceneManifest_Generation = YES;
				INFOPLIST_KEY_UIApplicationSupportsIndirectInputEvents = YES;
				INFOPLIST_KEY_UILaunchScreen_Generation = YES;
				INFOPLIST_KEY_UISupportedInterfaceOrientations_iPad = "UIInterfaceOrientationPortrait UIInterfaceOrientationPortraitUpsideDown UIInterfaceOrientationLandscapeLeft UIInterfaceOrientationLandscapeRight";
				INFOPLIST_KEY_UISupportedInterfaceOrientations_iPhone = "UIInterfaceOrientationPortrait UIInterfaceOrientationLandscapeLeft UIInterfaceOrientationLandscapeRight";
				LD_RUNPATH_SEARCH_PATHS = (
					"$(inherited)",
					"@executable_path/Frameworks",
				);
				MARKETING_VERSION = 1.0;
				PRODUCT_BUNDLE_IDENTIFIER = com.santeliz.iMessage.SegmentedControl;
				PRODUCT_NAME = "$(TARGET_NAME)";
				SWIFT_EMIT_LOC_STRINGS = YES;
				SWIFT_VERSION = 5.0;
				TARGETED_DEVICE_FAMILY = "1,2";
			};
			name = Debug;
		};
		33748BBD2BCE14D300796DC6 /* Release */ = {
			isa = XCBuildConfiguration;
			buildSettings = {
				ASSETCATALOG_COMPILER_APPICON_NAME = AppIcon;
				ASSETCATALOG_COMPILER_GLOBAL_ACCENT_COLOR_NAME = AccentColor;
				CODE_SIGN_STYLE = Automatic;
				CURRENT_PROJECT_VERSION = 1;
				DEVELOPMENT_ASSET_PATHS = "\"SegmentedControl/Preview Content\"";
				ENABLE_PREVIEWS = YES;
				GENERATE_INFOPLIST_FILE = YES;
				INFOPLIST_KEY_UIApplicationSceneManifest_Generation = YES;
				INFOPLIST_KEY_UIApplicationSupportsIndirectInputEvents = YES;
				INFOPLIST_KEY_UILaunchScreen_Generation = YES;
				INFOPLIST_KEY_UISupportedInterfaceOrientations_iPad = "UIInterfaceOrientationPortrait UIInterfaceOrientationPortraitUpsideDown UIInterfaceOrientationLandscapeLeft UIInterfaceOrientationLandscapeRight";
				INFOPLIST_KEY_UISupportedInterfaceOrientations_iPhone = "UIInterfaceOrientationPortrait UIInterfaceOrientationLandscapeLeft UIInterfaceOrientationLandscapeRight";
				LD_RUNPATH_SEARCH_PATHS = (
					"$(inherited)",
					"@executable_path/Frameworks",
				);
				MARKETING_VERSION = 1.0;
				PRODUCT_BUNDLE_IDENTIFIER = com.santeliz.iMessage.SegmentedControl;
				PRODUCT_NAME = "$(TARGET_NAME)";
				SWIFT_EMIT_LOC_STRINGS = YES;
				SWIFT_VERSION = 5.0;
				TARGETED_DEVICE_FAMILY = "1,2";
			};
			name = Release;
		};
/* End XCBuildConfiguration section */

/* Begin XCConfigurationList section */
		33748BA82BCE14D100796DC6 /* Build configuration list for PBXProject "SegmentedControl" */ = {
			isa = XCConfigurationList;
			buildConfigurations = (
				33748BB92BCE14D300796DC6 /* Debug */,
				33748BBA2BCE14D300796DC6 /* Release */,
			);
			defaultConfigurationIsVisible = 0;
			defaultConfigurationName = Release;
		};
		33748BBB2BCE14D300796DC6 /* Build configuration list for PBXNativeTarget "SegmentedControl" */ = {
			isa = XCConfigurationList;
			buildConfigurations = (
				33748BBC2BCE14D300796DC6 /* Debug */,
				33748BBD2BCE14D300796DC6 /* Release */,
			);
			defaultConfigurationIsVisible = 0;
			defaultConfigurationName = Release;
		};
/* End XCConfigurationList section */
	};
	rootObject = 33748BA52BCE14D100796DC6 /* Project object */;
}
